// !$*UTF8*$!
{
	archiveVersion = 1;
	classes = {
	};
	objectVersion = 46;
	objects = {

/* Begin PBXBuildFile section */
		240B4F6B1A8F2E4F0056E5FC /* WelcomeViewController.swift in Sources */ = {isa = PBXBuildFile; fileRef = 240B4F6A1A8F2E4F0056E5FC /* WelcomeViewController.swift */; };
		240B4F6D1A9074650056E5FC /* DemoViewController.swift in Sources */ = {isa = PBXBuildFile; fileRef = 240B4F6C1A9074650056E5FC /* DemoViewController.swift */; };
		240B4F6F1A90780A0056E5FC /* ConversationsViewController.swift in Sources */ = {isa = PBXBuildFile; fileRef = 240B4F6E1A90780A0056E5FC /* ConversationsViewController.swift */; };
		240B4F711A9078490056E5FC /* SettingsViewController.swift in Sources */ = {isa = PBXBuildFile; fileRef = 240B4F701A9078490056E5FC /* SettingsViewController.swift */; };
		240B4F751A908CBC0056E5FC /* CreateViewController.swift in Sources */ = {isa = PBXBuildFile; fileRef = 240B4F741A908CBC0056E5FC /* CreateViewController.swift */; };
		243232171A8C6A8B009F4E23 /* AppDelegate.swift in Sources */ = {isa = PBXBuildFile; fileRef = 243232161A8C6A8B009F4E23 /* AppDelegate.swift */; };
		243232191A8C6A8B009F4E23 /* ViewController.swift in Sources */ = {isa = PBXBuildFile; fileRef = 243232181A8C6A8B009F4E23 /* ViewController.swift */; };
		2432321C1A8C6A8B009F4E23 /* Main.storyboard in Resources */ = {isa = PBXBuildFile; fileRef = 2432321A1A8C6A8B009F4E23 /* Main.storyboard */; };
		2432321E1A8C6A8B009F4E23 /* Images.xcassets in Resources */ = {isa = PBXBuildFile; fileRef = 2432321D1A8C6A8B009F4E23 /* Images.xcassets */; };
		243232211A8C6A8B009F4E23 /* LaunchScreen.xib in Resources */ = {isa = PBXBuildFile; fileRef = 2432321F1A8C6A8B009F4E23 /* LaunchScreen.xib */; };
		2432322D1A8C6A8B009F4E23 /* CarouselTests.swift in Sources */ = {isa = PBXBuildFile; fileRef = 2432322C1A8C6A8B009F4E23 /* CarouselTests.swift */; };
		243232371A8D4908009F4E23 /* Common.swift in Sources */ = {isa = PBXBuildFile; fileRef = 243232361A8D4908009F4E23 /* Common.swift */; };
		243232391A8D499B009F4E23 /* LoginViewController.swift in Sources */ = {isa = PBXBuildFile; fileRef = 243232381A8D499B009F4E23 /* LoginViewController.swift */; };
		2432323B1A8D72A4009F4E23 /* SigninViewController.swift in Sources */ = {isa = PBXBuildFile; fileRef = 2432323A1A8D72A4009F4E23 /* SigninViewController.swift */; };
/* End PBXBuildFile section */

/* Begin PBXContainerItemProxy section */
		243232271A8C6A8B009F4E23 /* PBXContainerItemProxy */ = {
			isa = PBXContainerItemProxy;
			containerPortal = 243232091A8C6A8B009F4E23 /* Project object */;
			proxyType = 1;
			remoteGlobalIDString = 243232101A8C6A8B009F4E23;
			remoteInfo = Carousel;
		};
/* End PBXContainerItemProxy section */

/* Begin PBXFileReference section */
		240B4F6A1A8F2E4F0056E5FC /* WelcomeViewController.swift */ = {isa = PBXFileReference; fileEncoding = 4; lastKnownFileType = sourcecode.swift; path = WelcomeViewController.swift; sourceTree = "<group>"; };
		240B4F6C1A9074650056E5FC /* DemoViewController.swift */ = {isa = PBXFileReference; fileEncoding = 4; lastKnownFileType = sourcecode.swift; path = DemoViewController.swift; sourceTree = "<group>"; };
		240B4F6E1A90780A0056E5FC /* ConversationsViewController.swift */ = {isa = PBXFileReference; fileEncoding = 4; lastKnownFileType = sourcecode.swift; path = ConversationsViewController.swift; sourceTree = "<group>"; };
		240B4F701A9078490056E5FC /* SettingsViewController.swift */ = {isa = PBXFileReference; fileEncoding = 4; lastKnownFileType = sourcecode.swift; path = SettingsViewController.swift; sourceTree = "<group>"; };
		240B4F741A908CBC0056E5FC /* CreateViewController.swift */ = {isa = PBXFileReference; fileEncoding = 4; lastKnownFileType = sourcecode.swift; path = CreateViewController.swift; sourceTree = "<group>"; };
		243232111A8C6A8B009F4E23 /* Carousel.app */ = {isa = PBXFileReference; explicitFileType = wrapper.application; includeInIndex = 0; path = Carousel.app; sourceTree = BUILT_PRODUCTS_DIR; };
		243232151A8C6A8B009F4E23 /* Info.plist */ = {isa = PBXFileReference; lastKnownFileType = text.plist.xml; path = Info.plist; sourceTree = "<group>"; };
		243232161A8C6A8B009F4E23 /* AppDelegate.swift */ = {isa = PBXFileReference; lastKnownFileType = sourcecode.swift; path = AppDelegate.swift; sourceTree = "<group>"; };
		243232181A8C6A8B009F4E23 /* ViewController.swift */ = {isa = PBXFileReference; lastKnownFileType = sourcecode.swift; path = ViewController.swift; sourceTree = "<group>"; };
		2432321B1A8C6A8B009F4E23 /* Base */ = {isa = PBXFileReference; lastKnownFileType = file.storyboard; name = Base; path = Base.lproj/Main.storyboard; sourceTree = "<group>"; };
		2432321D1A8C6A8B009F4E23 /* Images.xcassets */ = {isa = PBXFileReference; lastKnownFileType = folder.assetcatalog; path = Images.xcassets; sourceTree = "<group>"; };
		243232201A8C6A8B009F4E23 /* Base */ = {isa = PBXFileReference; lastKnownFileType = file.xib; name = Base; path = Base.lproj/LaunchScreen.xib; sourceTree = "<group>"; };
		243232261A8C6A8B009F4E23 /* CarouselTests.xctest */ = {isa = PBXFileReference; explicitFileType = wrapper.cfbundle; includeInIndex = 0; path = CarouselTests.xctest; sourceTree = BUILT_PRODUCTS_DIR; };
		2432322B1A8C6A8B009F4E23 /* Info.plist */ = {isa = PBXFileReference; lastKnownFileType = text.plist.xml; path = Info.plist; sourceTree = "<group>"; };
		2432322C1A8C6A8B009F4E23 /* CarouselTests.swift */ = {isa = PBXFileReference; lastKnownFileType = sourcecode.swift; path = CarouselTests.swift; sourceTree = "<group>"; };
		243232361A8D4908009F4E23 /* Common.swift */ = {isa = PBXFileReference; fileEncoding = 4; lastKnownFileType = sourcecode.swift; path = Common.swift; sourceTree = "<group>"; };
		243232381A8D499B009F4E23 /* LoginViewController.swift */ = {isa = PBXFileReference; fileEncoding = 4; lastKnownFileType = sourcecode.swift; path = LoginViewController.swift; sourceTree = "<group>"; };
		2432323A1A8D72A4009F4E23 /* SigninViewController.swift */ = {isa = PBXFileReference; fileEncoding = 4; lastKnownFileType = sourcecode.swift; path = SigninViewController.swift; sourceTree = "<group>"; };
/* End PBXFileReference section */

/* Begin PBXFrameworksBuildPhase section */
		2432320E1A8C6A8B009F4E23 /* Frameworks */ = {
			isa = PBXFrameworksBuildPhase;
			buildActionMask = 2147483647;
			files = (
			);
			runOnlyForDeploymentPostprocessing = 0;
		};
		243232231A8C6A8B009F4E23 /* Frameworks */ = {
			isa = PBXFrameworksBuildPhase;
			buildActionMask = 2147483647;
			files = (
			);
			runOnlyForDeploymentPostprocessing = 0;
		};
/* End PBXFrameworksBuildPhase section */

/* Begin PBXGroup section */
		243232081A8C6A8B009F4E23 = {
			isa = PBXGroup;
			children = (
				243232131A8C6A8B009F4E23 /* Carousel */,
				243232291A8C6A8B009F4E23 /* CarouselTests */,
				243232121A8C6A8B009F4E23 /* Products */,
			);
			sourceTree = "<group>";
		};
		243232121A8C6A8B009F4E23 /* Products */ = {
			isa = PBXGroup;
			children = (
				243232111A8C6A8B009F4E23 /* Carousel.app */,
				243232261A8C6A8B009F4E23 /* CarouselTests.xctest */,
			);
			name = Products;
			sourceTree = "<group>";
		};
		243232131A8C6A8B009F4E23 /* Carousel */ = {
			isa = PBXGroup;
			children = (
				243232161A8C6A8B009F4E23 /* AppDelegate.swift */,
				243232181A8C6A8B009F4E23 /* ViewController.swift */,
				2432321A1A8C6A8B009F4E23 /* Main.storyboard */,
				240B4F741A908CBC0056E5FC /* CreateViewController.swift */,
				240B4F701A9078490056E5FC /* SettingsViewController.swift */,
				240B4F6E1A90780A0056E5FC /* ConversationsViewController.swift */,
				240B4F6C1A9074650056E5FC /* DemoViewController.swift */,
				240B4F6A1A8F2E4F0056E5FC /* WelcomeViewController.swift */,
				2432323A1A8D72A4009F4E23 /* SigninViewController.swift */,
				243232381A8D499B009F4E23 /* LoginViewController.swift */,
				2432321D1A8C6A8B009F4E23 /* Images.xcassets */,
				2432321F1A8C6A8B009F4E23 /* LaunchScreen.xib */,
				243232361A8D4908009F4E23 /* Common.swift */,
				243232141A8C6A8B009F4E23 /* Supporting Files */,
			);
			path = Carousel;
			sourceTree = "<group>";
		};
		243232141A8C6A8B009F4E23 /* Supporting Files */ = {
			isa = PBXGroup;
			children = (
				243232151A8C6A8B009F4E23 /* Info.plist */,
			);
			name = "Supporting Files";
			sourceTree = "<group>";
		};
		243232291A8C6A8B009F4E23 /* CarouselTests */ = {
			isa = PBXGroup;
			children = (
				2432322C1A8C6A8B009F4E23 /* CarouselTests.swift */,
				2432322A1A8C6A8B009F4E23 /* Supporting Files */,
			);
			path = CarouselTests;
			sourceTree = "<group>";
		};
		2432322A1A8C6A8B009F4E23 /* Supporting Files */ = {
			isa = PBXGroup;
			children = (
				2432322B1A8C6A8B009F4E23 /* Info.plist */,
			);
			name = "Supporting Files";
			sourceTree = "<group>";
		};
/* End PBXGroup section */

/* Begin PBXNativeTarget section */
		243232101A8C6A8B009F4E23 /* Carousel */ = {
			isa = PBXNativeTarget;
			buildConfigurationList = 243232301A8C6A8B009F4E23 /* Build configuration list for PBXNativeTarget "Carousel" */;
			buildPhases = (
				2432320D1A8C6A8B009F4E23 /* Sources */,
				2432320E1A8C6A8B009F4E23 /* Frameworks */,
				2432320F1A8C6A8B009F4E23 /* Resources */,
			);
			buildRules = (
			);
			dependencies = (
			);
			name = Carousel;
			productName = Carousel;
			productReference = 243232111A8C6A8B009F4E23 /* Carousel.app */;
			productType = "com.apple.product-type.application";
		};
		243232251A8C6A8B009F4E23 /* CarouselTests */ = {
			isa = PBXNativeTarget;
			buildConfigurationList = 243232331A8C6A8B009F4E23 /* Build configuration list for PBXNativeTarget "CarouselTests" */;
			buildPhases = (
				243232221A8C6A8B009F4E23 /* Sources */,
				243232231A8C6A8B009F4E23 /* Frameworks */,
				243232241A8C6A8B009F4E23 /* Resources */,
			);
			buildRules = (
			);
			dependencies = (
				243232281A8C6A8B009F4E23 /* PBXTargetDependency */,
			);
			name = CarouselTests;
			productName = CarouselTests;
			productReference = 243232261A8C6A8B009F4E23 /* CarouselTests.xctest */;
			productType = "com.apple.product-type.bundle.unit-test";
		};
/* End PBXNativeTarget section */

/* Begin PBXProject section */
		243232091A8C6A8B009F4E23 /* Project object */ = {
			isa = PBXProject;
			attributes = {
				LastUpgradeCheck = 0610;
				ORGANIZATIONNAME = vbits;
				TargetAttributes = {
					243232101A8C6A8B009F4E23 = {
						CreatedOnToolsVersion = 6.1.1;
					};
					243232251A8C6A8B009F4E23 = {
						CreatedOnToolsVersion = 6.1.1;
						TestTargetID = 243232101A8C6A8B009F4E23;
					};
				};
			};
			buildConfigurationList = 2432320C1A8C6A8B009F4E23 /* Build configuration list for PBXProject "Carousel" */;
			compatibilityVersion = "Xcode 3.2";
			developmentRegion = English;
			hasScannedForEncodings = 0;
			knownRegions = (
				en,
				Base,
			);
			mainGroup = 243232081A8C6A8B009F4E23;
			productRefGroup = 243232121A8C6A8B009F4E23 /* Products */;
			projectDirPath = "";
			projectRoot = "";
			targets = (
				243232101A8C6A8B009F4E23 /* Carousel */,
				243232251A8C6A8B009F4E23 /* CarouselTests */,
			);
		};
/* End PBXProject section */

/* Begin PBXResourcesBuildPhase section */
		2432320F1A8C6A8B009F4E23 /* Resources */ = {
			isa = PBXResourcesBuildPhase;
			buildActionMask = 2147483647;
			files = (
				2432321C1A8C6A8B009F4E23 /* Main.storyboard in Resources */,
				243232211A8C6A8B009F4E23 /* LaunchScreen.xib in Resources */,
				2432321E1A8C6A8B009F4E23 /* Images.xcassets in Resources */,
			);
			runOnlyForDeploymentPostprocessing = 0;
		};
		243232241A8C6A8B009F4E23 /* Resources */ = {
			isa = PBXResourcesBuildPhase;
			buildActionMask = 2147483647;
			files = (
			);
			runOnlyForDeploymentPostprocessing = 0;
		};
/* End PBXResourcesBuildPhase section */

/* Begin PBXSourcesBuildPhase section */
		2432320D1A8C6A8B009F4E23 /* Sources */ = {
			isa = PBXSourcesBuildPhase;
			buildActionMask = 2147483647;
			files = (
				240B4F751A908CBC0056E5FC /* CreateViewController.swift in Sources */,
				243232391A8D499B009F4E23 /* LoginViewController.swift in Sources */,
				2432323B1A8D72A4009F4E23 /* SigninViewController.swift in Sources */,
				243232191A8C6A8B009F4E23 /* ViewController.swift in Sources */,
				240B4F6F1A90780A0056E5FC /* ConversationsViewController.swift in Sources */,
				240B4F6B1A8F2E4F0056E5FC /* WelcomeViewController.swift in Sources */,
				240B4F6D1A9074650056E5FC /* DemoViewController.swift in Sources */,
				243232371A8D4908009F4E23 /* Common.swift in Sources */,
				243232171A8C6A8B009F4E23 /* AppDelegate.swift in Sources */,
				240B4F711A9078490056E5FC /* SettingsViewController.swift in Sources */,
			);
			runOnlyForDeploymentPostprocessing = 0;
		};
		243232221A8C6A8B009F4E23 /* Sources */ = {
			isa = PBXSourcesBuildPhase;
			buildActionMask = 2147483647;
			files = (
				2432322D1A8C6A8B009F4E23 /* CarouselTests.swift in Sources */,
			);
			runOnlyForDeploymentPostprocessing = 0;
		};
/* End PBXSourcesBuildPhase section */

/* Begin PBXTargetDependency section */
		243232281A8C6A8B009F4E23 /* PBXTargetDependency */ = {
			isa = PBXTargetDependency;
			target = 243232101A8C6A8B009F4E23 /* Carousel */;
			targetProxy = 243232271A8C6A8B009F4E23 /* PBXContainerItemProxy */;
		};
/* End PBXTargetDependency section */

/* Begin PBXVariantGroup section */
		2432321A1A8C6A8B009F4E23 /* Main.storyboard */ = {
			isa = PBXVariantGroup;
			children = (
				2432321B1A8C6A8B009F4E23 /* Base */,
			);
			name = Main.storyboard;
			sourceTree = "<group>";
		};
		2432321F1A8C6A8B009F4E23 /* LaunchScreen.xib */ = {
			isa = PBXVariantGroup;
			children = (
				243232201A8C6A8B009F4E23 /* Base */,
			);
			name = LaunchScreen.xib;
			sourceTree = "<group>";
		};
/* End PBXVariantGroup section */

/* Begin XCBuildConfiguration section */
		2432322E1A8C6A8B009F4E23 /* Debug */ = {
			isa = XCBuildConfiguration;
			buildSettings = {
				ALWAYS_SEARCH_USER_PATHS = NO;
				CLANG_CXX_LANGUAGE_STANDARD = "gnu++0x";
				CLANG_CXX_LIBRARY = "libc++";
				CLANG_ENABLE_MODULES = YES;
				CLANG_ENABLE_OBJC_ARC = YES;
				CLANG_WARN_BOOL_CONVERSION = YES;
				CLANG_WARN_CONSTANT_CONVERSION = YES;
				CLANG_WARN_DIRECT_OBJC_ISA_USAGE = YES_ERROR;
				CLANG_WARN_EMPTY_BODY = YES;
				CLANG_WARN_ENUM_CONVERSION = YES;
				CLANG_WARN_INT_CONVERSION = YES;
				CLANG_WARN_OBJC_ROOT_CLASS = YES_ERROR;
				CLANG_WARN_UNREACHABLE_CODE = YES;
				CLANG_WARN__DUPLICATE_METHOD_MATCH = YES;
				"CODE_SIGN_IDENTITY[sdk=iphoneos*]" = "iPhone Developer";
				COPY_PHASE_STRIP = NO;
				ENABLE_STRICT_OBJC_MSGSEND = YES;
				GCC_C_LANGUAGE_STANDARD = gnu99;
				GCC_DYNAMIC_NO_PIC = NO;
				GCC_OPTIMIZATION_LEVEL = 0;
				GCC_PREPROCESSOR_DEFINITIONS = (
					"DEBUG=1",
					"$(inherited)",
				);
				GCC_SYMBOLS_PRIVATE_EXTERN = NO;
				GCC_WARN_64_TO_32_BIT_CONVERSION = YES;
				GCC_WARN_ABOUT_RETURN_TYPE = YES_ERROR;
				GCC_WARN_UNDECLARED_SELECTOR = YES;
				GCC_WARN_UNINITIALIZED_AUTOS = YES_AGGRESSIVE;
				GCC_WARN_UNUSED_FUNCTION = YES;
				GCC_WARN_UNUSED_VARIABLE = YES;
				IPHONEOS_DEPLOYMENT_TARGET = 8.1;
				MTL_ENABLE_DEBUG_INFO = YES;
				ONLY_ACTIVE_ARCH = YES;
				SDKROOT = iphoneos;
				SWIFT_OPTIMIZATION_LEVEL = "-Onone";
			};
			name = Debug;
		};
		2432322F1A8C6A8B009F4E23 /* Release */ = {
			isa = XCBuildConfiguration;
			buildSettings = {
				ALWAYS_SEARCH_USER_PATHS = NO;
				CLANG_CXX_LANGUAGE_STANDARD = "gnu++0x";
				CLANG_CXX_LIBRARY = "libc++";
				CLANG_ENABLE_MODULES = YES;
				CLANG_ENABLE_OBJC_ARC = YES;
				CLANG_WARN_BOOL_CONVERSION = YES;
				CLANG_WARN_CONSTANT_CONVERSION = YES;
				CLANG_WARN_DIRECT_OBJC_ISA_USAGE = YES_ERROR;
				CLANG_WARN_EMPTY_BODY = YES;
				CLANG_WARN_ENUM_CONVERSION = YES;
				CLANG_WARN_INT_CONVERSION = YES;
				CLANG_WARN_OBJC_ROOT_CLASS = YES_ERROR;
				CLANG_WARN_UNREACHABLE_CODE = YES;
				CLANG_WARN__DUPLICATE_METHOD_MATCH = YES;
				"CODE_SIGN_IDENTITY[sdk=iphoneos*]" = "iPhone Developer";
				COPY_PHASE_STRIP = YES;
				ENABLE_NS_ASSERTIONS = NO;
				ENABLE_STRICT_OBJC_MSGSEND = YES;
				GCC_C_LANGUAGE_STANDARD = gnu99;
				GCC_WARN_64_TO_32_BIT_CONVERSION = YES;
				GCC_WARN_ABOUT_RETURN_TYPE = YES_ERROR;
				GCC_WARN_UNDECLARED_SELECTOR = YES;
				GCC_WARN_UNINITIALIZED_AUTOS = YES_AGGRESSIVE;
				GCC_WARN_UNUSED_FUNCTION = YES;
				GCC_WARN_UNUSED_VARIABLE = YES;
				IPHONEOS_DEPLOYMENT_TARGET = 8.1;
				MTL_ENABLE_DEBUG_INFO = NO;
				SDKROOT = iphoneos;
				VALIDATE_PRODUCT = YES;
			};
			name = Release;
		};
		243232311A8C6A8B009F4E23 /* Debug */ = {
			isa = XCBuildConfiguration;
			buildSettings = {
				ASSETCATALOG_COMPILER_APPICON_NAME = AppIcon;
				INFOPLIST_FILE = Carousel/Info.plist;
				LD_RUNPATH_SEARCH_PATHS = "$(inherited) @executable_path/Frameworks";
				PRODUCT_NAME = "$(TARGET_NAME)";
			};
			name = Debug;
		};
		243232321A8C6A8B009F4E23 /* Release */ = {
			isa = XCBuildConfiguration;
			buildSettings = {
				ASSETCATALOG_COMPILER_APPICON_NAME = AppIcon;
				INFOPLIST_FILE = Carousel/Info.plist;
				LD_RUNPATH_SEARCH_PATHS = "$(inherited) @executable_path/Frameworks";
				PRODUCT_NAME = "$(TARGET_NAME)";
			};
			name = Release;
		};
		243232341A8C6A8B009F4E23 /* Debug */ = {
			isa = XCBuildConfiguration;
			buildSettings = {
				BUNDLE_LOADER = "$(TEST_HOST)";
				FRAMEWORK_SEARCH_PATHS = (
					"$(SDKROOT)/Developer/Library/Frameworks",
					"$(inherited)",
				);
				GCC_PREPROCESSOR_DEFINITIONS = (
					"DEBUG=1",
					"$(inherited)",
				);
				INFOPLIST_FILE = CarouselTests/Info.plist;
				LD_RUNPATH_SEARCH_PATHS = "$(inherited) @executable_path/Frameworks @loader_path/Frameworks";
				PRODUCT_NAME = "$(TARGET_NAME)";
				TEST_HOST = "$(BUILT_PRODUCTS_DIR)/Carousel.app/Carousel";
			};
			name = Debug;
		};
		243232351A8C6A8B009F4E23 /* Release */ = {
			isa = XCBuildConfiguration;
			buildSettings = {
				BUNDLE_LOADER = "$(TEST_HOST)";
				FRAMEWORK_SEARCH_PATHS = (
					"$(SDKROOT)/Developer/Library/Frameworks",
					"$(inherited)",
				);
				INFOPLIST_FILE = CarouselTests/Info.plist;
				LD_RUNPATH_SEARCH_PATHS = "$(inherited) @executable_path/Frameworks @loader_path/Frameworks";
				PRODUCT_NAME = "$(TARGET_NAME)";
				TEST_HOST = "$(BUILT_PRODUCTS_DIR)/Carousel.app/Carousel";
			};
			name = Release;
		};
/* End XCBuildConfiguration section */

/* Begin XCConfigurationList section */
		2432320C1A8C6A8B009F4E23 /* Build configuration list for PBXProject "Carousel" */ = {
			isa = XCConfigurationList;
			buildConfigurations = (
				2432322E1A8C6A8B009F4E23 /* Debug */,
				2432322F1A8C6A8B009F4E23 /* Release */,
			);
			defaultConfigurationIsVisible = 0;
			defaultConfigurationName = Release;
		};
		243232301A8C6A8B009F4E23 /* Build configuration list for PBXNativeTarget "Carousel" */ = {
			isa = XCConfigurationList;
			buildConfigurations = (
				243232311A8C6A8B009F4E23 /* Debug */,
				243232321A8C6A8B009F4E23 /* Release */,
			);
			defaultConfigurationIsVisible = 0;
			defaultConfigurationName = Release;
		};
		243232331A8C6A8B009F4E23 /* Build configuration list for PBXNativeTarget "CarouselTests" */ = {
			isa = XCConfigurationList;
			buildConfigurations = (
				243232341A8C6A8B009F4E23 /* Debug */,
				243232351A8C6A8B009F4E23 /* Release */,
			);
			defaultConfigurationIsVisible = 0;
			defaultConfigurationName = Release;
		};
/* End XCConfigurationList section */
	};
	rootObject = 243232091A8C6A8B009F4E23 /* Project object */;
}
